
Microsoft Visual Studio Solution File, Format Version 12.00
# Visual Studio 15
VisualStudioVersion = 15.0.28307.902
MinimumVisualStudioVersion = 10.0.40219.1
Project("{8BC9CEB8-8B4A-11D0-8D11-00A0C91BC942}") = "дз Семенов михаил уравнение", "дз Семенов михаил уравнение\дз Семенов михаил уравнение.vcxproj", "{10F0DD54-D042-4EA6-BAD5-FF9ED3472164}"
EndProject
Global
	GlobalSection(SolutionConfigurationPlatforms) = preSolution
		Debug|x64 = Debug|x64
		Debug|x86 = Debug|x86
		Release|x64 = Release|x64
		Release|x86 = Release|x86
	EndGlobalSection
	GlobalSection(ProjectConfigurationPlatforms) = postSolution
		{10F0DD54-D042-4EA6-BAD5-FF9ED3472164}.Debug|x64.ActiveCfg = Debug|x64
		{10F0DD54-D042-4EA6-BAD5-FF9ED3472164}.Debug|x64.Build.0 = Debug|x64
		{10F0DD54-D042-4EA6-BAD5-FF9ED3472164}.Debug|x86.ActiveCfg = Debug|Win32
		{10F0DD54-D042-4EA6-BAD5-FF9ED3472164}.Debug|x86.Build.0 = Debug|Win32
		{10F0DD54-D042-4EA6-BAD5-FF9ED3472164}.Release|x64.ActiveCfg = Release|x64
		{10F0DD54-D042-4EA6-BAD5-FF9ED3472164}.Release|x64.Build.0 = Release|x64
		{10F0DD54-D042-4EA6-BAD5-FF9ED3472164}.Release|x86.ActiveCfg = Release|Win32
		{10F0DD54-D042-4EA6-BAD5-FF9ED3472164}.Release|x86.Build.0 = Release|Win32
	EndGlobalSection
	GlobalSection(SolutionProperties) = preSolution
		HideSolutionNode = FALSE
	EndGlobalSection
	GlobalSection(ExtensibilityGlobals) = postSolution
		SolutionGuid = {FF480E9E-9675-4B40-88EB-2C059EC04DDC}
	EndGlobalSection
EndGlobal
